Microsoft Visual Studio Solution File, Format Version 12.00
# Visual Studio Version 17
VisualStudioVersion = 17.0.32112.339
MinimumVisualStudioVersion = 10.0.40219.1
Project("{9A19103F-16F7-4668-BE54-9A1E7A4F7556}") = "Pilot.Android", "Pilot\Pilot.Android\Pilot.Android.csproj", "{C8161C4B-E5BA-415B-85D5-77226C79283D}"
EndProject
Project("{9A19103F-16F7-4668-BE54-9A1E7A4F7556}") = "Pilot.UWP", "Pilot\Pilot.UWP\Pilot.UWP.csproj", "{FF098CD3-A0BD-4045-9898-311334DEA64F}"
EndProject
Project("{9A19103F-16F7-4668-BE54-9A1E7A4F7556}") = "Pilot", "Pilot\Pilot\Pilot.csproj", "{DBBBEB3B-BD80-4B35-BFDC-245EBB0DC94B}"
EndProject
Project("{9A19103F-16F7-4668-BE54-9A1E7A4F7556}") = "Pilot.iOS", "Pilot\Pilot.iOS\Pilot.iOS.csproj", "{AA7A8732-9EFB-446D-A5F0-F7A3CA8BB8E0}"
EndProject
Global
	GlobalSection(SolutionConfigurationPlatforms) = preSolution
		Debug|Any CPU = Debug|Any CPU
		Debug|ARM = Debug|ARM
		Debug|iPhone = Debug|iPhone
		Debug|iPhoneSimulator = Debug|iPhoneSimulator
		Debug|x64 = Debug|x64
		Debug|x86 = Debug|x86
		Release|Any CPU = Release|Any CPU
		Release|ARM = Release|ARM
		Release|iPhone = Release|iPhone
		Release|iPhoneSimulator = Release|iPhoneSimulator
		Release|x64 = Release|x64
		Release|x86 = Release|x86
	EndGlobalSection
	GlobalSection(ProjectConfigurationPlatforms) = postSolution
		{C8161C4B-E5BA-415B-85D5-77226C79283D}.Debug|Any CPU.ActiveCfg = Debug|Any CPU
		{C8161C4B-E5BA-415B-85D5-77226C79283D}.Debug|Any CPU.Build.0 = Debug|Any CPU
		{C8161C4B-E5BA-415B-85D5-77226C79283D}.Debug|Any CPU.Deploy.0 = Debug|Any CPU
		{C8161C4B-E5BA-415B-85D5-77226C79283D}.Debug|ARM.ActiveCfg = Debug|Any CPU
		{C8161C4B-E5BA-415B-85D5-77226C79283D}.Debug|ARM.Build.0 = Debug|Any CPU
		{C8161C4B-E5BA-415B-85D5-77226C79283D}.Debug|ARM.Deploy.0 = Debug|Any CPU
		{C8161C4B-E5BA-415B-85D5-77226C79283D}.Debug|iPhone.ActiveCfg = Debug|Any CPU
		{C8161C4B-E5BA-415B-85D5-77226C79283D}.Debug|iPhone.Build.0 = Debug|Any CPU
		{C8161C4B-E5BA-415B-85D5-77226C79283D}.Debug|iPhone.Deploy.0 = Debug|Any CPU
		{C8161C4B-E5BA-415B-85D5-77226C79283D}.Debug|iPhoneSimulator.ActiveCfg = Debug|Any CPU
		{C8161C4B-E5BA-415B-85D5-77226C79283D}.Debug|iPhoneSimulator.Build.0 = Debug|Any CPU
		{C8161C4B-E5BA-415B-85D5-77226C79283D}.Debug|iPhoneSimulator.Deploy.0 = Debug|Any CPU
		{C8161C4B-E5BA-415B-85D5-77226C79283D}.Debug|x64.ActiveCfg = Debug|Any CPU
		{C8161C4B-E5BA-415B-85D5-77226C79283D}.Debug|x64.Build.0 = Debug|Any CPU
		{C8161C4B-E5BA-415B-85D5-77226C79283D}.Debug|x64.Deploy.0 = Debug|Any CPU
		{C8161C4B-E5BA-415B-85D5-77226C79283D}.Debug|x86.ActiveCfg = Debug|Any CPU
		{C8161C4B-E5BA-415B-85D5-77226C79283D}.Debug|x86.Build.0 = Debug|Any CPU
		{C8161C4B-E5BA-415B-85D5-77226C79283D}.Debug|x86.Deploy.0 = Debug|Any CPU
		{C8161C4B-E5BA-415B-85D5-77226C79283D}.Release|Any CPU.ActiveCfg = Release|Any CPU
		{C8161C4B-E5BA-415B-85D5-77226C79283D}.Release|Any CPU.Build.0 = Release|Any CPU
		{C8161C4B-E5BA-415B-85D5-77226C79283D}.Release|Any CPU.Deploy.0 = Release|Any CPU
		{C8161C4B-E5BA-415B-85D5-77226C79283D}.Release|ARM.ActiveCfg = Release|Any CPU
		{C8161C4B-E5BA-415B-85D5-77226C79283D}.Release|ARM.Build.0 = Release|Any CPU
		{C8161C4B-E5BA-415B-85D5-77226C79283D}.Release|ARM.Deploy.0 = Release|Any CPU
		{C8161C4B-E5BA-415B-85D5-77226C79283D}.Release|iPhone.ActiveCfg = Release|Any CPU
		{C8161C4B-E5BA-415B-85D5-77226C79283D}.Release|iPhone.Build.0 = Release|Any CPU
		{C8161C4B-E5BA-415B-85D5-77226C79283D}.Release|iPhone.Deploy.0 = Release|Any CPU
		{C8161C4B-E5BA-415B-85D5-77226C79283D}.Release|iPhoneSimulator.ActiveCfg = Release|Any CPU
		{C8161C4B-E5BA-415B-85D5-77226C79283D}.Release|iPhoneSimulator.Build.0 = Release|Any CPU
		{C8161C4B-E5BA-415B-85D5-77226C79283D}.Release|iPhoneSimulator.Deploy.0 = Release|Any CPU
		{C8161C4B-E5BA-415B-85D5-77226C79283D}.Release|x64.ActiveCfg = Release|Any CPU
		{C8161C4B-E5BA-415B-85D5-77226C79283D}.Release|x64.Build.0 = Release|Any CPU
		{C8161C4B-E5BA-415B-85D5-77226C79283D}.Release|x64.Deploy.0 = Release|Any CPU
		{C8161C4B-E5BA-415B-85D5-77226C79283D}.Release|x86.ActiveCfg = Release|Any CPU
		{C8161C4B-E5BA-415B-85D5-77226C79283D}.Release|x86.Build.0 = Release|Any CPU
		{C8161C4B-E5BA-415B-85D5-77226C79283D}.Release|x86.Deploy.0 = Release|Any CPU
		{FF098CD3-A0BD-4045-9898-311334DEA64F}.Debug|Any CPU.ActiveCfg = Debug|x64
		{FF098CD3-A0BD-4045-9898-311334DEA64F}.Debug|Any CPU.Build.0 = Debug|x64
		{FF098CD3-A0BD-4045-9898-311334DEA64F}.Debug|ARM.ActiveCfg = Debug|x64
		{FF098CD3-A0BD-4045-9898-311334DEA64F}.Debug|ARM.Build.0 = Debug|x64
		{FF098CD3-A0BD-4045-9898-311334DEA64F}.Debug|iPhone.ActiveCfg = Debug|x64
		{FF098CD3-A0BD-4045-9898-311334DEA64F}.Debug|iPhone.Build.0 = Debug|x64
		{FF098CD3-A0BD-4045-9898-311334DEA64F}.Debug|iPhoneSimulator.ActiveCfg = Debug|x64
		{FF098CD3-A0BD-4045-9898-311334DEA64F}.Debug|iPhoneSimulator.Build.0 = Debug|x64
		{FF098CD3-A0BD-4045-9898-311334DEA64F}.Debug|x64.ActiveCfg = Debug|x64
		{FF098CD3-A0BD-4045-9898-311334DEA64F}.Debug|x64.Build.0 = Debug|x64
		{FF098CD3-A0BD-4045-9898-311334DEA64F}.Debug|x86.ActiveCfg = Debug|x86
		{FF098CD3-A0BD-4045-9898-311334DEA64F}.Debug|x86.Build.0 = Debug|x86
		{FF098CD3-A0BD-4045-9898-311334DEA64F}.Release|Any CPU.ActiveCfg = Release|x64
		{FF098CD3-A0BD-4045-9898-311334DEA64F}.Release|Any CPU.Build.0 = Release|x64
		{FF098CD3-A0BD-4045-9898-311334DEA64F}.Release|ARM.ActiveCfg = Release|x64
		{FF098CD3-A0BD-4045-9898-311334DEA64F}.Release|ARM.Build.0 = Release|x64
		{FF098CD3-A0BD-4045-9898-311334DEA64F}.Release|iPhone.ActiveCfg = Release|x64
		{FF098CD3-A0BD-4045-9898-311334DEA64F}.Release|iPhone.Build.0 = Release|x64
		{FF098CD3-A0BD-4045-9898-311334DEA64F}.Release|iPhoneSimulator.ActiveCfg = Release|x64
		{FF098CD3-A0BD-4045-9898-311334DEA64F}.Release|iPhoneSimulator.Build.0 = Release|x64
		{FF098CD3-A0BD-4045-9898-311334DEA64F}.Release|x64.ActiveCfg = Release|x64
		{FF098CD3-A0BD-4045-9898-311334DEA64F}.Release|x64.Build.0 = Release|x64
		{FF098CD3-A0BD-4045-9898-311334DEA64F}.Release|x86.ActiveCfg = Release|x86
		{FF098CD3-A0BD-4045-9898-311334DEA64F}.Release|x86.Build.0 = Release|x86
		{DBBBEB3B-BD80-4B35-BFDC-245EBB0DC94B}.Debug|Any CPU.ActiveCfg = Debug|Any CPU
		{DBBBEB3B-BD80-4B35-BFDC-245EBB0DC94B}.Debug|Any CPU.Build.0 = Debug|Any CPU
		{DBBBEB3B-BD80-4B35-BFDC-245EBB0DC94B}.Debug|ARM.ActiveCfg = Debug|Any CPU
		{DBBBEB3B-BD80-4B35-BFDC-245EBB0DC94B}.Debug|ARM.Build.0 = Debug|Any CPU
		{DBBBEB3B-BD80-4B35-BFDC-245EBB0DC94B}.Debug|iPhone.ActiveCfg = Debug|Any CPU
		{DBBBEB3B-BD80-4B35-BFDC-245EBB0DC94B}.Debug|iPhone.Build.0 = Debug|Any CPU
		{DBBBEB3B-BD80-4B35-BFDC-245EBB0DC94B}.Debug|iPhoneSimulator.ActiveCfg = Debug|Any CPU
		{DBBBEB3B-BD80-4B35-BFDC-245EBB0DC94B}.Debug|iPhoneSimulator.Build.0 = Debug|Any CPU
		{DBBBEB3B-BD80-4B35-BFDC-245EBB0DC94B}.Debug|x64.ActiveCfg = Debug|Any CPU
		{DBBBEB3B-BD80-4B35-BFDC-245EBB0DC94B}.Debug|x64.Build.0 = Debug|Any CPU
		{DBBBEB3B-BD80-4B35-BFDC-245EBB0DC94B}.Debug|x86.ActiveCfg = Debug|Any CPU
		{DBBBEB3B-BD80-4B35-BFDC-245EBB0DC94B}.Debug|x86.Build.0 = Debug|Any CPU
		{DBBBEB3B-BD80-4B35-BFDC-245EBB0DC94B}.Release|Any CPU.ActiveCfg = Release|Any CPU
		{DBBBEB3B-BD80-4B35-BFDC-245EBB0DC94B}.Release|Any CPU.Build.0 = Release|Any CPU
		{DBBBEB3B-BD80-4B35-BFDC-245EBB0DC94B}.Release|ARM.ActiveCfg = Release|Any CPU
		{DBBBEB3B-BD80-4B35-BFDC-245EBB0DC94B}.Release|ARM.Build.0 = Release|Any CPU
		{DBBBEB3B-BD80-4B35-BFDC-245EBB0DC94B}.Release|iPhone.ActiveCfg = Release|Any CPU
		{DBBBEB3B-BD80-4B35-BFDC-245EBB0DC94B}.Release|iPhone.Build.0 = Release|Any CPU
		{DBBBEB3B-BD80-4B35-BFDC-245EBB0DC94B}.Release|iPhoneSimulator.ActiveCfg = Release|Any CPU
		{DBBBEB3B-BD80-4B35-BFDC-245EBB0DC94B}.Release|iPhoneSimulator.Build.0 = Release|Any CPU
		{DBBBEB3B-BD80-4B35-BFDC-245EBB0DC94B}.Release|x64.ActiveCfg = Release|Any CPU
		{DBBBEB3B-BD80-4B35-BFDC-245EBB0DC94B}.Release|x64.Build.0 = Release|Any CPU
		{DBBBEB3B-BD80-4B35-BFDC-245EBB0DC94B}.Release|x86.ActiveCfg = Release|Any CPU
		{DBBBEB3B-BD80-4B35-BFDC-245EBB0DC94B}.Release|x86.Build.0 = Release|Any CPU
		{AA7A8732-9EFB-446D-A5F0-F7A3CA8BB8E0}.Debug|Any CPU.ActiveCfg = Debug|Any CPU
		{AA7A8732-9EFB-446D-A5F0-F7A3CA8BB8E0}.Debug|Any CPU.Build.0 = Debug|Any CPU
		{AA7A8732-9EFB-446D-A5F0-F7A3CA8BB8E0}.Debug|Any CPU.Deploy.0 = Debug|Any CPU
		{AA7A8732-9EFB-446D-A5F0-F7A3CA8BB8E0}.Debug|ARM.ActiveCfg = Debug|Any CPU
		{AA7A8732-9EFB-446D-A5F0-F7A3CA8BB8E0}.Debug|ARM.Build.0 = Debug|Any CPU
		{AA7A8732-9EFB-446D-A5F0-F7A3CA8BB8E0}.Debug|ARM.Deploy.0 = Debug|Any CPU
		{AA7A8732-9EFB-446D-A5F0-F7A3CA8BB8E0}.Debug|iPhone.ActiveCfg = Debug|Any CPU
		{AA7A8732-9EFB-446D-A5F0-F7A3CA8BB8E0}.Debug|iPhone.Build.0 = Debug|Any CPU
		{AA7A8732-9EFB-446D-A5F0-F7A3CA8BB8E0}.Debug|iPhone.Deploy.0 = Debug|Any CPU
		{AA7A8732-9EFB-446D-A5F0-F7A3CA8BB8E0}.Debug|iPhoneSimulator.ActiveCfg = Debug|Any CPU
		{AA7A8732-9EFB-446D-A5F0-F7A3CA8BB8E0}.Debug|iPhoneSimulator.Build.0 = Debug|Any CPU
		{AA7A8732-9EFB-446D-A5F0-F7A3CA8BB8E0}.Debug|iPhoneSimulator.Deploy.0 = Debug|Any CPU
		{AA7A8732-9EFB-446D-A5F0-F7A3CA8BB8E0}.Debug|x64.ActiveCfg = Debug|Any CPU
		{AA7A8732-9EFB-446D-A5F0-F7A3CA8BB8E0}.Debug|x64.Build.0 = Debug|Any CPU
		{AA7A8732-9EFB-446D-A5F0-F7A3CA8BB8E0}.Debug|x64.Deploy.0 = Debug|Any CPU
		{AA7A8732-9EFB-446D-A5F0-F7A3CA8BB8E0}.Debug|x86.ActiveCfg = Debug|Any CPU
		{AA7A8732-9EFB-446D-A5F0-F7A3CA8BB8E0}.Debug|x86.Build.0 = Debug|Any CPU
		{AA7A8732-9EFB-446D-A5F0-F7A3CA8BB8E0}.Debug|x86.Deploy.0 = Debug|Any CPU
		{AA7A8732-9EFB-446D-A5F0-F7A3CA8BB8E0}.Release|Any CPU.ActiveCfg = Release|Any CPU
		{AA7A8732-9EFB-446D-A5F0-F7A3CA8BB8E0}.Release|Any CPU.Build.0 = Release|Any CPU
		{AA7A8732-9EFB-446D-A5F0-F7A3CA8BB8E0}.Release|Any CPU.Deploy.0 = Release|Any CPU
		{AA7A8732-9EFB-446D-A5F0-F7A3CA8BB8E0}.Release|ARM.ActiveCfg = Release|Any CPU
		{AA7A8732-9EFB-446D-A5F0-F7A3CA8BB8E0}.Release|ARM.Build.0 = Release|Any CPU
		{AA7A8732-9EFB-446D-A5F0-F7A3CA8BB8E0}.Release|ARM.Deploy.0 = Release|Any CPU
		{AA7A8732-9EFB-446D-A5F0-F7A3CA8BB8E0}.Release|iPhone.ActiveCfg = Release|Any CPU
		{AA7A8732-9EFB-446D-A5F0-F7A3CA8BB8E0}.Release|iPhone.Build.0 = Release|Any CPU
		{AA7A8732-9EFB-446D-A5F0-F7A3CA8BB8E0}.Release|iPhone.Deploy.0 = Release|Any CPU
		{AA7A8732-9EFB-446D-A5F0-F7A3CA8BB8E0}.Release|iPhoneSimulator.ActiveCfg = Release|Any CPU
		{AA7A8732-9EFB-446D-A5F0-F7A3CA8BB8E0}.Release|iPhoneSimulator.Build.0 = Release|Any CPU
		{AA7A8732-9EFB-446D-A5F0-F7A3CA8BB8E0}.Release|iPhoneSimulator.Deploy.0 = Release|Any CPU
		{AA7A8732-9EFB-446D-A5F0-F7A3CA8BB8E0}.Release|x64.ActiveCfg = Release|Any CPU
		{AA7A8732-9EFB-446D-A5F0-F7A3CA8BB8E0}.Release|x64.Build.0 = Release|Any CPU
		{AA7A8732-9EFB-446D-A5F0-F7A3CA8BB8E0}.Release|x64.Deploy.0 = Release|Any CPU
		{AA7A8732-9EFB-446D-A5F0-F7A3CA8BB8E0}.Release|x86.ActiveCfg = Release|Any CPU
		{AA7A8732-9EFB-446D-A5F0-F7A3CA8BB8E0}.Release|x86.Build.0 = Release|Any CPU
		{AA7A8732-9EFB-446D-A5F0-F7A3CA8BB8E0}.Release|x86.Deploy.0 = Release|Any CPU
	EndGlobalSection
	GlobalSection(SolutionProperties) = preSolution
		HideSolutionNode = FALSE
	EndGlobalSection
	GlobalSection(ExtensibilityGlobals) = postSolution
		SolutionGuid = {ACE47BC8-D064-4794-8984-D5DED64EFDCF}
	EndGlobalSection
EndGlobal
